
Microsoft Visual Studio Solution File, Format Version 12.00
# Visual Studio Version 17
VisualStudioVersion = 17.0.32112.339
MinimumVisualStudioVersion = 10.0.40219.1
Project("{9A19103F-16F7-4668-BE54-9A1E7A4F7556}") = "Ant0nRocket.Lib", "Ant0nRocket.Lib\Ant0nRocket.Lib.csproj", "{BBF1EFAF-6768-4281-B2C0-556C237D2656}"
EndProject
Project("{9A19103F-16F7-4668-BE54-9A1E7A4F7556}") = "Ant0nRocket.Lib.Tests", "Ant0nRocket.Lib.Tests\Ant0nRocket.Lib.Tests.csproj", "{161F4378-EF09-41AE-A128-BD5A9AF3B120}"
EndProject
Project("{9A19103F-16F7-4668-BE54-9A1E7A4F7556}") = "Ant0nRocket.Lib.TestsV6", "Ant0nRocket.Lib.TestsV3\Ant0nRocket.Lib.TestsV6.csproj", "{7408116B-064E-4E06-A2D7-ED2E22A0EDB5}"
EndProject
Project("{9A19103F-16F7-4668-BE54-9A1E7A4F7556}") = "Ant0nRocket.Lib.Benchmarks", "Ant0nRocket.Lib.Benchmarks\Ant0nRocket.Lib.Benchmarks.csproj", "{7CD3B55F-4DA9-4866-935C-75A6AE184C94}"
EndProject
Global
	GlobalSection(SolutionConfigurationPlatforms) = preSolution
		Debug|Any CPU = Debug|Any CPU
		Release|Any CPU = Release|Any CPU
	EndGlobalSection
	GlobalSection(ProjectConfigurationPlatforms) = postSolution
		{BBF1EFAF-6768-4281-B2C0-556C237D2656}.Debug|Any CPU.ActiveCfg = Debug|Any CPU
		{BBF1EFAF-6768-4281-B2C0-556C237D2656}.Debug|Any CPU.Build.0 = Debug|Any CPU
		{BBF1EFAF-6768-4281-B2C0-556C237D2656}.Release|Any CPU.ActiveCfg = Release|Any CPU
		{BBF1EFAF-6768-4281-B2C0-556C237D2656}.Release|Any CPU.Build.0 = Release|Any CPU
		{161F4378-EF09-41AE-A128-BD5A9AF3B120}.Debug|Any CPU.ActiveCfg = Debug|Any CPU
		{161F4378-EF09-41AE-A128-BD5A9AF3B120}.Debug|Any CPU.Build.0 = Debug|Any CPU
		{161F4378-EF09-41AE-A128-BD5A9AF3B120}.Release|Any CPU.ActiveCfg = Release|Any CPU
		{161F4378-EF09-41AE-A128-BD5A9AF3B120}.Release|Any CPU.Build.0 = Release|Any CPU
		{7408116B-064E-4E06-A2D7-ED2E22A0EDB5}.Debug|Any CPU.ActiveCfg = Debug|Any CPU
		{7408116B-064E-4E06-A2D7-ED2E22A0EDB5}.Debug|Any CPU.Build.0 = Debug|Any CPU
		{7408116B-064E-4E06-A2D7-ED2E22A0EDB5}.Release|Any CPU.ActiveCfg = Release|Any CPU
		{7408116B-064E-4E06-A2D7-ED2E22A0EDB5}.Release|Any CPU.Build.0 = Release|Any CPU
		{7CD3B55F-4DA9-4866-935C-75A6AE184C94}.Debug|Any CPU.ActiveCfg = Debug|Any CPU
		{7CD3B55F-4DA9-4866-935C-75A6AE184C94}.Debug|Any CPU.Build.0 = Debug|Any CPU
		{7CD3B55F-4DA9-4866-935C-75A6AE184C94}.Release|Any CPU.ActiveCfg = Release|Any CPU
		{7CD3B55F-4DA9-4866-935C-75A6AE184C94}.Release|Any CPU.Build.0 = Release|Any CPU
	EndGlobalSection
	GlobalSection(SolutionProperties) = preSolution
		HideSolutionNode = FALSE
	EndGlobalSection
	GlobalSection(ExtensibilityGlobals) = postSolution
		SolutionGuid = {81979EC7-93C1-4190-81F1-A54E25DBC4CF}
	EndGlobalSection
EndGlobal
